<?xml version="1.0" encoding="utf-8"?>
<Project ToolsVersion="4.0" xmlns="http://schemas.microsoft.com/developer/msbuild/2003">
  <ItemGroup>
    <Filter Include="Source Files">
      <UniqueIdentifier>{4FC737F1-C7A5-4376-A066-2A32D752A2FF}</UniqueIdentifier>
      <Extensions>cpp;c;cc;cxx;def;odl;idl;hpj;bat;asm;asmx</Extensions>
    </Filter>
    <Filter Include="Header Files">
      <UniqueIdentifier>{93995380-89BD-4b04-88EB-625FBE52EBFB}</UniqueIdentifier>
      <Extensions>h;hpp;hxx;hm;inl;inc;xsd</Extensions>
    </Filter>
    <Filter Include="Resource Files">
      <UniqueIdentifier>{67DA6AB6-F800-4c08-8B7A-83BB121AAD01}</UniqueIdentifier>
      <Extensions>rc;ico;cur;bmp;dlg;rc2;rct;bin;rgs;gif;jpg;jpeg;jpe;resx;tiff;tif;png;wav;mfcribbon-ms</Extensions>
    </Filter>
    <Filter Include="Source Files\Check">
      <UniqueIdentifier>{572cea01-2b60-45c8-b215-ff2f1764bf7d}</UniqueIdentifier>
    </Filter>
    <Filter Include="Source Files\Cholesky">
      <UniqueIdentifier>{ac2a7ec0-31af-45a8-a07d-6066e94c4760}</UniqueIdentifier>
    </Filter>
    <Filter Include="Source Files\MatrixOps">
      <UniqueIdentifier>{f77b3311-c675-469d-875d-c80842111172}</UniqueIdentifier>
    </Filter>
    <Filter Include="Source Files\Modify">
      <UniqueIdentifier>{3f836a0e-0d05-4699-9024-186c9b94388c}</UniqueIdentifier>
    </Filter>
    <Filter Include="Source Files\Partition">
      <UniqueIdentifier>{3230e446-6c48-4233-8f0d-fb1bac03f519}</UniqueIdentifier>
    </Filter>
    <Filter Include="Source Files\Supernodal">
      <UniqueIdentifier>{9d103bf3-1c49-45fa-9726-9598079e678a}</UniqueIdentifier>
    </Filter>
    <Filter Include="Source Files\Utility">
      <UniqueIdentifier>{521c7379-ddb7-4a11-9b7a-71f9cdbd8e15}</UniqueIdentifier>
    </Filter>
  </ItemGroup>
  <ItemGroup>
    <ClCompile Include="..\..\..\SuiteSparse\CHOLMOD\Check\cholmod_check.c">
      <Filter>Source Files\Check</Filter>
    </ClCompile>
    <ClCompile Include="..\..\..\SuiteSparse\CHOLMOD\Check\cholmod_read.c">
      <Filter>Source Files\Check</Filter>
    </ClCompile>
    <ClCompile Include="..\..\..\SuiteSparse\CHOLMOD\Check\cholmod_write.c">
      <Filter>Source Files\Check</Filter>
    </ClCompile>
    <ClCompile Include="..\..\..\SuiteSparse\CHOLMOD\Cholesky\cholmod_amd.c">
      <Filter>Source Files\Cholesky</Filter>
    </ClCompile>
    <ClCompile Include="..\..\..\SuiteSparse\CHOLMOD\Cholesky\cholmod_analyze.c">
      <Filter>Source Files\Cholesky</Filter>
    </ClCompile>
    <ClCompile Include="..\..\..\SuiteSparse\CHOLMOD\Cholesky\cholmod_colamd.c">
      <Filter>Source Files\Cholesky</Filter>
    </ClCompile>
    <ClCompile Include="..\..\..\SuiteSparse\CHOLMOD\Cholesky\cholmod_etree.c">
      <Filter>Source Files\Cholesky</Filter>
    </ClCompile>
    <ClCompile Include="..\..\..\SuiteSparse\CHOLMOD\Cholesky\cholmod_factorize.c">
      <Filter>Source Files\Cholesky</Filter>
    </ClCompile>
    <ClCompile Include="..\..\..\SuiteSparse\CHOLMOD\Cholesky\cholmod_postorder.c">
      <Filter>Source Files\Cholesky</Filter>
    </ClCompile>
    <ClCompile Include="..\..\..\SuiteSparse\CHOLMOD\Cholesky\cholmod_rcond.c">
      <Filter>Source Files\Cholesky</Filter>
    </ClCompile>
    <ClCompile Include="..\..\..\SuiteSparse\CHOLMOD\Cholesky\cholmod_resymbol.c">
      <Filter>Source Files\Cholesky</Filter>
    </ClCompile>
    <ClCompile Include="..\..\..\SuiteSparse\CHOLMOD\Cholesky\cholmod_rowcolcounts.c">
      <Filter>Source Files\Cholesky</Filter>
    </ClCompile>
    <ClCompile Include="..\..\..\SuiteSparse\CHOLMOD\Cholesky\cholmod_rowfac.c">
      <Filter>Source Files\Cholesky</Filter>
    </ClCompile>
    <ClCompile Include="..\..\..\SuiteSparse\CHOLMOD\Cholesky\cholmod_solve.c">
      <Filter>Source Files\Cholesky</Filter>
    </ClCompile>
    <ClCompile Include="..\..\..\SuiteSparse\CHOLMOD\Cholesky\cholmod_spsolve.c">
      <Filter>Source Files\Cholesky</Filter>
    </ClCompile>
    <ClCompile Include="..\..\..\SuiteSparse\CHOLMOD\MatrixOps\cholmod_drop.c">
      <Filter>Source Files\MatrixOps</Filter>
    </ClCompile>
    <ClCompile Include="..\..\..\SuiteSparse\CHOLMOD\MatrixOps\cholmod_horzcat.c">
      <Filter>Source Files\MatrixOps</Filter>
    </ClCompile>
    <ClCompile Include="..\..\..\SuiteSparse\CHOLMOD\MatrixOps\cholmod_norm.c">
      <Filter>Source Files\MatrixOps</Filter>
    </ClCompile>
    <ClCompile Include="..\..\..\SuiteSparse\CHOLMOD\MatrixOps\cholmod_scale.c">
      <Filter>Source Files\MatrixOps</Filter>
    </ClCompile>
    <ClCompile Include="..\..\..\SuiteSparse\CHOLMOD\MatrixOps\cholmod_sdmult.c">
      <Filter>Source Files\MatrixOps</Filter>
    </ClCompile>
    <ClCompile Include="..\..\..\SuiteSparse\CHOLMOD\MatrixOps\cholmod_ssmult.c">
      <Filter>Source Files\MatrixOps</Filter>
    </ClCompile>
    <ClCompile Include="..\..\..\SuiteSparse\CHOLMOD\MatrixOps\cholmod_submatrix.c">
      <Filter>Source Files\MatrixOps</Filter>
    </ClCompile>
    <ClCompile Include="..\..\..\SuiteSparse\CHOLMOD\MatrixOps\cholmod_symmetry.c">
      <Filter>Source Files\MatrixOps</Filter>
    </ClCompile>
    <ClCompile Include="..\..\..\SuiteSparse\CHOLMOD\MatrixOps\cholmod_vertcat.c">
      <Filter>Source Files\MatrixOps</Filter>
    </ClCompile>
    <ClCompile Include="..\..\..\SuiteSparse\CHOLMOD\Modify\cholmod_rowadd.c">
      <Filter>Source Files\Modify</Filter>
    </ClCompile>
    <ClCompile Include="..\..\..\SuiteSparse\CHOLMOD\Modify\cholmod_rowdel.c">
      <Filter>Source Files\Modify</Filter>
    </ClCompile>
    <ClCompile Include="..\..\..\SuiteSparse\CHOLMOD\Modify\cholmod_updown.c">
      <Filter>Source Files\Modify</Filter>
    </ClCompile>
    <ClCompile Include="..\..\..\SuiteSparse\CHOLMOD\Supernodal\cholmod_super_numeric.c">
      <Filter>Source Files\Supernodal</Filter>
    </ClCompile>
    <ClCompile Include="..\..\..\SuiteSparse\CHOLMOD\Supernodal\cholmod_super_solve.c">
      <Filter>Source Files\Supernodal</Filter>
    </ClCompile>
    <ClCompile Include="..\..\..\SuiteSparse\CHOLMOD\Supernodal\cholmod_super_symbolic.c">
      <Filter>Source Files\Supernodal</Filter>
    </ClCompile>
    <ClCompile Include="..\..\..\SuiteSparse\CHOLMOD\Partition\cholmod_nesdis.c">
      <Filter>Source Files\Partition</Filter>
    </ClCompile>
    <ClCompile Include="..\..\..\SuiteSparse\CHOLMOD\Partition\cholmod_camd.c">
      <Filter>Source Files\Partition</Filter>
    </ClCompile>
    <ClCompile Include="..\..\..\SuiteSparse\CHOLMOD\Partition\cholmod_ccolamd.c">
      <Filter>Source Files\Partition</Filter>
    </ClCompile>
    <ClCompile Include="..\..\..\SuiteSparse\CHOLMOD\Partition\cholmod_csymamd.c">
      <Filter>Source Files\Partition</Filter>
    </ClCompile>
    <ClCompile Include="..\..\..\SuiteSparse\CHOLMOD\Partition\cholmod_metis.c">
      <Filter>Source Files\Partition</Filter>
    </ClCompile>
    <ClCompile Include="..\..\..\SuiteSparse\CHOLMOD\Check\cholmod_l_check.c">
      <Filter>Source Files\Check</Filter>
    </ClCompile>
    <ClCompile Include="..\..\..\SuiteSparse\CHOLMOD\Check\cholmod_l_read.c">
      <Filter>Source Files\Check</Filter>
    </ClCompile>
    <ClCompile Include="..\..\..\SuiteSparse\CHOLMOD\Check\cholmod_l_write.c">
      <Filter>Source Files\Check</Filter>
    </ClCompile>
    <ClCompile Include="..\..\..\SuiteSparse\CHOLMOD\Cholesky\cholmod_l_amd.c">
      <Filter>Source Files\Cholesky</Filter>
    </ClCompile>
    <ClCompile Include="..\..\..\SuiteSparse\CHOLMOD\Cholesky\cholmod_l_analyze.c">
      <Filter>Source Files\Cholesky</Filter>
    </ClCompile>
    <ClCompile Include="..\..\..\SuiteSparse\CHOLMOD\Cholesky\cholmod_l_colamd.c">
      <Filter>Source Files\Cholesky</Filter>
    </ClCompile>
    <ClCompile Include="..\..\..\SuiteSparse\CHOLMOD\Cholesky\cholmod_l_etree.c">
      <Filter>Source Files\Cholesky</Filter>
    </ClCompile>
    <ClCompile Include="..\..\..\SuiteSparse\CHOLMOD\Cholesky\cholmod_l_factorize.c">
      <Filter>Source Files\Cholesky</Filter>
    </ClCompile>
    <ClCompile Include="..\..\..\SuiteSparse\CHOLMOD\Cholesky\cholmod_l_postorder.c">
      <Filter>Source Files\Cholesky</Filter>
    </ClCompile>
    <ClCompile Include="..\..\..\SuiteSparse\CHOLMOD\Cholesky\cholmod_l_rcond.c">
      <Filter>Source Files\Cholesky</Filter>
    </ClCompile>
    <ClCompile Include="..\..\..\SuiteSparse\CHOLMOD\Cholesky\cholmod_l_resymbol.c">
      <Filter>Source Files\Cholesky</Filter>
    </ClCompile>
    <ClCompile Include="..\..\..\SuiteSparse\CHOLMOD\Cholesky\cholmod_l_rowcolcounts.c">
      <Filter>Source Files\Cholesky</Filter>
    </ClCompile>
    <ClCompile Include="..\..\..\SuiteSparse\CHOLMOD\Cholesky\cholmod_l_rowfac.c">
      <Filter>Source Files\Cholesky</Filter>
    </ClCompile>
    <ClCompile Include="..\..\..\SuiteSparse\CHOLMOD\Cholesky\cholmod_l_solve.c">
      <Filter>Source Files\Cholesky</Filter>
    </ClCompile>
    <ClCompile Include="..\..\..\SuiteSparse\CHOLMOD\Cholesky\cholmod_l_spsolve.c">
      <Filter>Source Files\Cholesky</Filter>
    </ClCompile>
    <ClCompile Include="..\..\..\SuiteSparse\CHOLMOD\MatrixOps\cholmod_l_drop.c">
      <Filter>Source Files\MatrixOps</Filter>
    </ClCompile>
    <ClCompile Include="..\..\..\SuiteSparse\CHOLMOD\MatrixOps\cholmod_l_horzcat.c">
      <Filter>Source Files\MatrixOps</Filter>
    </ClCompile>
    <ClCompile Include="..\..\..\SuiteSparse\CHOLMOD\MatrixOps\cholmod_l_norm.c">
      <Filter>Source Files\MatrixOps</Filter>
    </ClCompile>
    <ClCompile Include="..\..\..\SuiteSparse\CHOLMOD\MatrixOps\cholmod_l_scale.c">
      <Filter>Source Files\MatrixOps</Filter>
    </ClCompile>
    <ClCompile Include="..\..\..\SuiteSparse\CHOLMOD\MatrixOps\cholmod_l_sdmult.c">
      <Filter>Source Files\MatrixOps</Filter>
    </ClCompile>
    <ClCompile Include="..\..\..\SuiteSparse\CHOLMOD\MatrixOps\cholmod_l_ssmult.c">
      <Filter>Source Files\MatrixOps</Filter>
    </ClCompile>
    <ClCompile Include="..\..\..\SuiteSparse\CHOLMOD\MatrixOps\cholmod_l_submatrix.c">
      <Filter>Source Files\MatrixOps</Filter>
    </ClCompile>
    <ClCompile Include="..\..\..\SuiteSparse\CHOLMOD\MatrixOps\cholmod_l_symmetry.c">
      <Filter>Source Files\MatrixOps</Filter>
    </ClCompile>
    <ClCompile Include="..\..\..\SuiteSparse\CHOLMOD\MatrixOps\cholmod_l_vertcat.c">
      <Filter>Source Files\MatrixOps</Filter>
    </ClCompile>
    <ClCompile Include="..\..\..\SuiteSparse\CHOLMOD\Modify\cholmod_l_rowadd.c">
      <Filter>Source Files\Modify</Filter>
    </ClCompile>
    <ClCompile Include="..\..\..\SuiteSparse\CHOLMOD\Modify\cholmod_l_rowdel.c">
      <Filter>Source Files\Modify</Filter>
    </ClCompile>
    <ClCompile Include="..\..\..\SuiteSparse\CHOLMOD\Modify\cholmod_l_updown.c">
      <Filter>Source Files\Modify</Filter>
    </ClCompile>
    <ClCompile Include="..\..\..\SuiteSparse\CHOLMOD\Supernodal\cholmod_l_super_numeric.c">
      <Filter>Source Files\Supernodal</Filter>
    </ClCompile>
    <ClCompile Include="..\..\..\SuiteSparse\CHOLMOD\Supernodal\cholmod_l_super_solve.c">
      <Filter>Source Files\Supernodal</Filter>
    </ClCompile>
    <ClCompile Include="..\..\..\SuiteSparse\CHOLMOD\Supernodal\cholmod_l_super_symbolic.c">
      <Filter>Source Files\Supernodal</Filter>
    </ClCompile>
    <ClCompile Include="..\..\..\SuiteSparse\CHOLMOD\Partition\cholmod_metis_wrapper.c">
      <Filter>Source Files\Partition</Filter>
    </ClCompile>
    <ClCompile Include="..\..\..\SuiteSparse\CHOLMOD\Partition\cholmod_l_camd.c">
      <Filter>Source Files\Partition</Filter>
    </ClCompile>
    <ClCompile Include="..\..\..\SuiteSparse\CHOLMOD\Partition\cholmod_l_ccolamd.c">
      <Filter>Source Files\Partition</Filter>
    </ClCompile>
    <ClCompile Include="..\..\..\SuiteSparse\CHOLMOD\Partition\cholmod_l_csymamd.c">
      <Filter>Source Files\Partition</Filter>
    </ClCompile>
    <ClCompile Include="..\..\..\SuiteSparse\CHOLMOD\Partition\cholmod_l_metis.c">
      <Filter>Source Files\Partition</Filter>
    </ClCompile>
    <ClCompile Include="..\..\..\SuiteSparse\CHOLMOD\Partition\cholmod_l_nesdis.c">
      <Filter>Source Files\Partition</Filter>
    </ClCompile>
    <ClCompile Include="..\..\..\SuiteSparse\CHOLMOD\Utility\cholmod_aat.c">
      <Filter>Source Files\Utility</Filter>
    </ClCompile>
    <ClCompile Include="..\..\..\SuiteSparse\CHOLMOD\Utility\cholmod_add.c">
      <Filter>Source Files\Utility</Filter>
    </ClCompile>
    <ClCompile Include="..\..\..\SuiteSparse\CHOLMOD\Utility\cholmod_add_size_t.c">
      <Filter>Source Files\Utility</Filter>
    </ClCompile>
    <ClCompile Include="..\..\..\SuiteSparse\CHOLMOD\Utility\cholmod_alloc_factor.c">
      <Filter>Source Files\Utility</Filter>
    </ClCompile>
    <ClCompile Include="..\..\..\SuiteSparse\CHOLMOD\Utility\cholmod_alloc_work.c">
      <Filter>Source Files\Utility</Filter>
    </ClCompile>
    <ClCompile Include="..\..\..\SuiteSparse\CHOLMOD\Utility\cholmod_allocate_dense.c">
      <Filter>Source Files\Utility</Filter>
    </ClCompile>
    <ClCompile Include="..\..\..\SuiteSparse\CHOLMOD\Utility\cholmod_allocate_factor.c">
      <Filter>Source Files\Utility</Filter>
    </ClCompile>
    <ClCompile Include="..\..\..\SuiteSparse\CHOLMOD\Utility\cholmod_allocate_sparse.c">
      <Filter>Source Files\Utility</Filter>
    </ClCompile>
    <ClCompile Include="..\..\..\SuiteSparse\CHOLMOD\Utility\cholmod_allocate_triplet.c">
      <Filter>Source Files\Utility</Filter>
    </ClCompile>
    <ClCompile Include="..\..\..\SuiteSparse\CHOLMOD\Utility\cholmod_allocate_work.c">
      <Filter>Source Files\Utility</Filter>
    </ClCompile>
    <ClCompile Include="..\..\..\SuiteSparse\CHOLMOD\Utility\cholmod_band.c">
      <Filter>Source Files\Utility</Filter>
    </ClCompile>
    <ClCompile Include="..\..\..\SuiteSparse\CHOLMOD\Utility\cholmod_band_nnz.c">
      <Filter>Source Files\Utility</Filter>
    </ClCompile>
    <ClCompile Include="..\..\..\SuiteSparse\CHOLMOD\Utility\cholmod_calloc.c">
      <Filter>Source Files\Utility</Filter>
    </ClCompile>
    <ClCompile Include="..\..\..\SuiteSparse\CHOLMOD\Utility\cholmod_change_factor.c">
      <Filter>Source Files\Utility</Filter>
    </ClCompile>
    <ClCompile Include="..\..\..\SuiteSparse\CHOLMOD\Utility\cholmod_clear_flag.c">
      <Filter>Source Files\Utility</Filter>
    </ClCompile>
    <ClCompile Include="..\..\..\SuiteSparse\CHOLMOD\Utility\cholmod_copy.c">
      <Filter>Source Files\Utility</Filter>
    </ClCompile>
    <ClCompile Include="..\..\..\SuiteSparse\CHOLMOD\Utility\cholmod_copy_dense.c">
      <Filter>Source Files\Utility</Filter>
    </ClCompile>
    <ClCompile Include="..\..\..\SuiteSparse\CHOLMOD\Utility\cholmod_copy_dense2.c">
      <Filter>Source Files\Utility</Filter>
    </ClCompile>
    <ClCompile Include="..\..\..\SuiteSparse\CHOLMOD\Utility\cholmod_copy_factor.c">
      <Filter>Source Files\Utility</Filter>
    </ClCompile>
    <ClCompile Include="..\..\..\SuiteSparse\CHOLMOD\Utility\cholmod_copy_sparse.c">
      <Filter>Source Files\Utility</Filter>
    </ClCompile>
    <ClCompile Include="..\..\..\SuiteSparse\CHOLMOD\Utility\cholmod_copy_triplet.c">
      <Filter>Source Files\Utility</Filter>
    </ClCompile>
    <ClCompile Include="..\..\..\SuiteSparse\CHOLMOD\Utility\cholmod_cumsum.c">
      <Filter>Source Files\Utility</Filter>
    </ClCompile>
    <ClCompile Include="..\..\..\SuiteSparse\CHOLMOD\Utility\cholmod_dbound.c">
      <Filter>Source Files\Utility</Filter>
    </ClCompile>
    <ClCompile Include="..\..\..\SuiteSparse\CHOLMOD\Utility\cholmod_defaults.c">
      <Filter>Source Files\Utility</Filter>
    </ClCompile>
    <ClCompile Include="..\..\..\SuiteSparse\CHOLMOD\Utility\cholmod_dense_nnz.c">
      <Filter>Source Files\Utility</Filter>
    </ClCompile>
    <ClCompile Include="..\..\..\SuiteSparse\CHOLMOD\Utility\cholmod_dense_to_sparse.c">
      <Filter>Source Files\Utility</Filter>
    </ClCompile>
    <ClCompile Include="..\..\..\SuiteSparse\CHOLMOD\Utility\cholmod_divcomplex.c">
      <Filter>Source Files\Utility</Filter>
    </ClCompile>
    <ClCompile Include="..\..\..\SuiteSparse\CHOLMOD\Utility\cholmod_ensure_dense.c">
      <Filter>Source Files\Utility</Filter>
    </ClCompile>
    <ClCompile Include="..\..\..\SuiteSparse\CHOLMOD\Utility\cholmod_error.c">
      <Filter>Source Files\Utility</Filter>
    </ClCompile>
    <ClCompile Include="..\..\..\SuiteSparse\CHOLMOD\Utility\cholmod_eye.c">
      <Filter>Source Files\Utility</Filter>
    </ClCompile>
    <ClCompile Include="..\..\..\SuiteSparse\CHOLMOD\Utility\cholmod_factor_to_sparse.c">
      <Filter>Source Files\Utility</Filter>
    </ClCompile>
    <ClCompile Include="..\..\..\SuiteSparse\CHOLMOD\Utility\cholmod_finish.c">
      <Filter>Source Files\Utility</Filter>
    </ClCompile>
    <ClCompile Include="..\..\..\SuiteSparse\CHOLMOD\Utility\cholmod_free.c">
      <Filter>Source Files\Utility</Filter>
    </ClCompile>
    <ClCompile Include="..\..\..\SuiteSparse\CHOLMOD\Utility\cholmod_free_dense.c">
      <Filter>Source Files\Utility</Filter>
    </ClCompile>
    <ClCompile Include="..\..\..\SuiteSparse\CHOLMOD\Utility\cholmod_free_factor.c">
      <Filter>Source Files\Utility</Filter>
    </ClCompile>
    <ClCompile Include="..\..\..\SuiteSparse\CHOLMOD\Utility\cholmod_free_sparse.c">
      <Filter>Source Files\Utility</Filter>
    </ClCompile>
    <ClCompile Include="..\..\..\SuiteSparse\CHOLMOD\Utility\cholmod_free_triplet.c">
      <Filter>Source Files\Utility</Filter>
    </ClCompile>
    <ClCompile Include="..\..\..\SuiteSparse\CHOLMOD\Utility\cholmod_free_work.c">
      <Filter>Source Files\Utility</Filter>
    </ClCompile>
    <ClCompile Include="..\..\..\SuiteSparse\CHOLMOD\Utility\cholmod_hypot.c">
      <Filter>Source Files\Utility</Filter>
    </ClCompile>
    <ClCompile Include="..\..\..\SuiteSparse\CHOLMOD\Utility\cholmod_l_aat.c">
      <Filter>Source Files\Utility</Filter>
    </ClCompile>
    <ClCompile Include="..\..\..\SuiteSparse\CHOLMOD\Utility\cholmod_l_add.c">
      <Filter>Source Files\Utility</Filter>
    </ClCompile>
    <ClCompile Include="..\..\..\SuiteSparse\CHOLMOD\Utility\cholmod_l_add_size_t.c">
      <Filter>Source Files\Utility</Filter>
    </ClCompile>
    <ClCompile Include="..\..\..\SuiteSparse\CHOLMOD\Utility\cholmod_l_alloc_factor.c">
      <Filter>Source Files\Utility</Filter>
    </ClCompile>
    <ClCompile Include="..\..\..\SuiteSparse\CHOLMOD\Utility\cholmod_l_alloc_work.c">
      <Filter>Source Files\Utility</Filter>
    </ClCompile>
    <ClCompile Include="..\..\..\SuiteSparse\CHOLMOD\Utility\cholmod_l_allocate_dense.c">
      <Filter>Source Files\Utility</Filter>
    </ClCompile>
    <ClCompile Include="..\..\..\SuiteSparse\CHOLMOD\Utility\cholmod_l_allocate_factor.c">
      <Filter>Source Files\Utility</Filter>
    </ClCompile>
    <ClCompile Include="..\..\..\SuiteSparse\CHOLMOD\Utility\cholmod_l_allocate_sparse.c">
      <Filter>Source Files\Utility</Filter>
    </ClCompile>
    <ClCompile Include="..\..\..\SuiteSparse\CHOLMOD\Utility\cholmod_l_allocate_triplet.c">
      <Filter>Source Files\Utility</Filter>
    </ClCompile>
    <ClCompile Include="..\..\..\SuiteSparse\CHOLMOD\Utility\cholmod_l_allocate_work.c">
      <Filter>Source Files\Utility</Filter>
    </ClCompile>
    <ClCompile Include="..\..\..\SuiteSparse\CHOLMOD\Utility\cholmod_l_band.c">
      <Filter>Source Files\Utility</Filter>
    </ClCompile>
    <ClCompile Include="..\..\..\SuiteSparse\CHOLMOD\Utility\cholmod_l_band_nnz.c">
      <Filter>Source Files\Utility</Filter>
    </ClCompile>
    <ClCompile Include="..\..\..\SuiteSparse\CHOLMOD\Utility\cholmod_l_calloc.c">
      <Filter>Source Files\Utility</Filter>
    </ClCompile>
    <ClCompile Include="..\..\..\SuiteSparse\CHOLMOD\Utility\cholmod_l_change_factor.c">
      <Filter>Source Files\Utility</Filter>
    </ClCompile>
    <ClCompile Include="..\..\..\SuiteSparse\CHOLMOD\Utility\cholmod_l_clear_flag.c">
      <Filter>Source Files\Utility</Filter>
    </ClCompile>
    <ClCompile Include="..\..\..\SuiteSparse\CHOLMOD\Utility\cholmod_l_copy.c">
      <Filter>Source Files\Utility</Filter>
    </ClCompile>
    <ClCompile Include="..\..\..\SuiteSparse\CHOLMOD\Utility\cholmod_l_copy_dense.c">
      <Filter>Source Files\Utility</Filter>
    </ClCompile>
    <ClCompile Include="..\..\..\SuiteSparse\CHOLMOD\Utility\cholmod_l_copy_dense2.c">
      <Filter>Source Files\Utility</Filter>
    </ClCompile>
    <ClCompile Include="..\..\..\SuiteSparse\CHOLMOD\Utility\cholmod_l_copy_factor.c">
      <Filter>Source Files\Utility</Filter>
    </ClCompile>
    <ClCompile Include="..\..\..\SuiteSparse\CHOLMOD\Utility\cholmod_l_copy_sparse.c">
      <Filter>Source Files\Utility</Filter>
    </ClCompile>
    <ClCompile Include="..\..\..\SuiteSparse\CHOLMOD\Utility\cholmod_l_copy_triplet.c">
      <Filter>Source Files\Utility</Filter>
    </ClCompile>
    <ClCompile Include="..\..\..\SuiteSparse\CHOLMOD\Utility\cholmod_l_cumsum.c">
      <Filter>Source Files\Utility</Filter>
    </ClCompile>
    <ClCompile Include="..\..\..\SuiteSparse\CHOLMOD\Utility\cholmod_l_dbound.c">
      <Filter>Source Files\Utility</Filter>
    </ClCompile>
    <ClCompile Include="..\..\..\SuiteSparse\CHOLMOD\Utility\cholmod_l_defaults.c">
      <Filter>Source Files\Utility</Filter>
    </ClCompile>
    <ClCompile Include="..\..\..\SuiteSparse\CHOLMOD\Utility\cholmod_l_dense_nnz.c">
      <Filter>Source Files\Utility</Filter>
    </ClCompile>
    <ClCompile Include="..\..\..\SuiteSparse\CHOLMOD\Utility\cholmod_l_dense_to_sparse.c">
      <Filter>Source Files\Utility</Filter>
    </ClCompile>
    <ClCompile Include="..\..\..\SuiteSparse\CHOLMOD\Utility\cholmod_l_divcomplex.c">
      <Filter>Source Files\Utility</Filter>
    </ClCompile>
    <ClCompile Include="..\..\..\SuiteSparse\CHOLMOD\Utility\cholmod_l_ensure_dense.c">
      <Filter>Source Files\Utility</Filter>
    </ClCompile>
    <ClCompile Include="..\..\..\SuiteSparse\CHOLMOD\Utility\cholmod_l_error.c">
      <Filter>Source Files\Utility</Filter>
    </ClCompile>
    <ClCompile Include="..\..\..\SuiteSparse\CHOLMOD\Utility\cholmod_l_eye.c">
      <Filter>Source Files\Utility</Filter>
    </ClCompile>
    <ClCompile Include="..\..\..\SuiteSparse\CHOLMOD\Utility\cholmod_l_factor_to_sparse.c">
      <Filter>Source Files\Utility</Filter>
    </ClCompile>
    <ClCompile Include="..\..\..\SuiteSparse\CHOLMOD\Utility\cholmod_l_finish.c">
      <Filter>Source Files\Utility</Filter>
    </ClCompile>
    <ClCompile Include="..\..\..\SuiteSparse\CHOLMOD\Utility\cholmod_l_free.c">
      <Filter>Source Files\Utility</Filter>
    </ClCompile>
    <ClCompile Include="..\..\..\SuiteSparse\CHOLMOD\Utility\cholmod_l_free_dense.c">
      <Filter>Source Files\Utility</Filter>
    </ClCompile>
    <ClCompile Include="..\..\..\SuiteSparse\CHOLMOD\Utility\cholmod_l_free_factor.c">
      <Filter>Source Files\Utility</Filter>
    </ClCompile>
    <ClCompile Include="..\..\..\SuiteSparse\CHOLMOD\Utility\cholmod_l_free_sparse.c">
      <Filter>Source Files\Utility</Filter>
    </ClCompile>
    <ClCompile Include="..\..\..\SuiteSparse\CHOLMOD\Utility\cholmod_l_free_triplet.c">
      <Filter>Source Files\Utility</Filter>
    </ClCompile>
    <ClCompile Include="..\..\..\SuiteSparse\CHOLMOD\Utility\cholmod_l_free_work.c">
      <Filter>Source Files\Utility</Filter>
    </ClCompile>
    <ClCompile Include="..\..\..\SuiteSparse\CHOLMOD\Utility\cholmod_l_hypot.c">
      <Filter>Source Files\Utility</Filter>
    </ClCompile>
    <ClCompile Include="..\..\..\SuiteSparse\CHOLMOD\Utility\cholmod_l_malloc.c">
      <Filter>Source Files\Utility</Filter>
    </ClCompile>
    <ClCompile Include="..\..\..\SuiteSparse\CHOLMOD\Utility\cholmod_l_maxrank.c">
      <Filter>Source Files\Utility</Filter>
    </ClCompile>
    <ClCompile Include="..\..\..\SuiteSparse\CHOLMOD\Utility\cholmod_l_mult_size_t.c">
      <Filter>Source Files\Utility</Filter>
    </ClCompile>
    <ClCompile Include="..\..\..\SuiteSparse\CHOLMOD\Utility\cholmod_l_nnz.c">
      <Filter>Source Files\Utility</Filter>
    </ClCompile>
    <ClCompile Include="..\..\..\SuiteSparse\CHOLMOD\Utility\cholmod_l_ones.c">
      <Filter>Source Files\Utility</Filter>
    </ClCompile>
    <ClCompile Include="..\..\..\SuiteSparse\CHOLMOD\Utility\cholmod_l_pack_factor.c">
      <Filter>Source Files\Utility</Filter>
    </ClCompile>
    <ClCompile Include="..\..\..\SuiteSparse\CHOLMOD\Utility\cholmod_l_ptranspose.c">
      <Filter>Source Files\Utility</Filter>
    </ClCompile>
    <ClCompile Include="..\..\..\SuiteSparse\CHOLMOD\Utility\cholmod_l_realloc.c">
      <Filter>Source Files\Utility</Filter>
    </ClCompile>
    <ClCompile Include="..\..\..\SuiteSparse\CHOLMOD\Utility\cholmod_l_realloc_multiple.c">
      <Filter>Source Files\Utility</Filter>
    </ClCompile>
    <ClCompile Include="..\..\..\SuiteSparse\CHOLMOD\Utility\cholmod_l_reallocate_column.c">
      <Filter>Source Files\Utility</Filter>
    </ClCompile>
    <ClCompile Include="..\..\..\SuiteSparse\CHOLMOD\Utility\cholmod_l_reallocate_factor.c">
      <Filter>Source Files\Utility</Filter>
    </ClCompile>
    <ClCompile Include="..\..\..\SuiteSparse\CHOLMOD\Utility\cholmod_l_reallocate_sparse.c">
      <Filter>Source Files\Utility</Filter>
    </ClCompile>
    <ClCompile Include="..\..\..\SuiteSparse\CHOLMOD\Utility\cholmod_l_reallocate_triplet.c">
      <Filter>Source Files\Utility</Filter>
    </ClCompile>
    <ClCompile Include="..\..\..\SuiteSparse\CHOLMOD\Utility\cholmod_l_sbound.c">
      <Filter>Source Files\Utility</Filter>
    </ClCompile>
    <ClCompile Include="..\..\..\SuiteSparse\CHOLMOD\Utility\cholmod_l_score_comp.c">
      <Filter>Source Files\Utility</Filter>
    </ClCompile>
    <ClCompile Include="..\..\..\SuiteSparse\CHOLMOD\Utility\cholmod_l_set_empty.c">
      <Filter>Source Files\Utility</Filter>
    </ClCompile>
    <ClCompile Include="..\..\..\SuiteSparse\CHOLMOD\Utility\cholmod_l_sort.c">
      <Filter>Source Files\Utility</Filter>
    </ClCompile>
    <ClCompile Include="..\..\..\SuiteSparse\CHOLMOD\Utility\cholmod_l_sparse_to_dense.c">
      <Filter>Source Files\Utility</Filter>
    </ClCompile>
    <ClCompile Include="..\..\..\SuiteSparse\CHOLMOD\Utility\cholmod_l_sparse_to_triplet.c">
      <Filter>Source Files\Utility</Filter>
    </ClCompile>
    <ClCompile Include="..\..\..\SuiteSparse\CHOLMOD\Utility\cholmod_l_speye.c">
      <Filter>Source Files\Utility</Filter>
    </ClCompile>
    <ClCompile Include="..\..\..\SuiteSparse\CHOLMOD\Utility\cholmod_l_spzeros.c">
      <Filter>Source Files\Utility</Filter>
    </ClCompile>
    <ClCompile Include="..\..\..\SuiteSparse\CHOLMOD\Utility\cholmod_l_start.c">
      <Filter>Source Files\Utility</Filter>
    </ClCompile>
    <ClCompile Include="..\..\..\SuiteSparse\CHOLMOD\Utility\cholmod_l_transpose.c">
      <Filter>Source Files\Utility</Filter>
    </ClCompile>
    <ClCompile Include="..\..\..\SuiteSparse\CHOLMOD\Utility\cholmod_l_transpose_sym.c">
      <Filter>Source Files\Utility</Filter>
    </ClCompile>
    <ClCompile Include="..\..\..\SuiteSparse\CHOLMOD\Utility\cholmod_l_transpose_unsym.c">
      <Filter>Source Files\Utility</Filter>
    </ClCompile>
    <ClCompile Include="..\..\..\SuiteSparse\CHOLMOD\Utility\cholmod_l_triplet_to_sparse.c">
      <Filter>Source Files\Utility</Filter>
    </ClCompile>
    <ClCompile Include="..\..\..\SuiteSparse\CHOLMOD\Utility\cholmod_l_version.c">
      <Filter>Source Files\Utility</Filter>
    </ClCompile>
    <ClCompile Include="..\..\..\SuiteSparse\CHOLMOD\Utility\cholmod_l_xtype.c">
      <Filter>Source Files\Utility</Filter>
    </ClCompile>
    <ClCompile Include="..\..\..\SuiteSparse\CHOLMOD\Utility\cholmod_l_zeros.c">
      <Filter>Source Files\Utility</Filter>
    </ClCompile>
    <ClCompile Include="..\..\..\SuiteSparse\CHOLMOD\Utility\cholmod_malloc.c">
      <Filter>Source Files\Utility</Filter>
    </ClCompile>
    <ClCompile Include="..\..\..\SuiteSparse\CHOLMOD\Utility\cholmod_maxrank.c">
      <Filter>Source Files\Utility</Filter>
    </ClCompile>
    <ClCompile Include="..\..\..\SuiteSparse\CHOLMOD\Utility\cholmod_memdebug.c">
      <Filter>Source Files\Utility</Filter>
    </ClCompile>
    <ClCompile Include="..\..\..\SuiteSparse\CHOLMOD\Utility\cholmod_mult_size_t.c">
      <Filter>Source Files\Utility</Filter>
    </ClCompile>
    <ClCompile Include="..\..\..\SuiteSparse\CHOLMOD\Utility\cholmod_mult_uint64_t.c">
      <Filter>Source Files\Utility</Filter>
    </ClCompile>
    <ClCompile Include="..\..\..\SuiteSparse\CHOLMOD\Utility\cholmod_nnz.c">
      <Filter>Source Files\Utility</Filter>
    </ClCompile>
    <ClCompile Include="..\..\..\SuiteSparse\CHOLMOD\Utility\cholmod_ones.c">
      <Filter>Source Files\Utility</Filter>
    </ClCompile>
    <ClCompile Include="..\..\..\SuiteSparse\CHOLMOD\Utility\cholmod_pack_factor.c">
      <Filter>Source Files\Utility</Filter>
    </ClCompile>
    <ClCompile Include="..\..\..\SuiteSparse\CHOLMOD\Utility\cholmod_ptranspose.c">
      <Filter>Source Files\Utility</Filter>
    </ClCompile>
    <ClCompile Include="..\..\..\SuiteSparse\CHOLMOD\Utility\cholmod_realloc.c">
      <Filter>Source Files\Utility</Filter>
    </ClCompile>
    <ClCompile Include="..\..\..\SuiteSparse\CHOLMOD\Utility\cholmod_realloc_multiple.c">
      <Filter>Source Files\Utility</Filter>
    </ClCompile>
    <ClCompile Include="..\..\..\SuiteSparse\CHOLMOD\Utility\cholmod_reallocate_column.c">
      <Filter>Source Files\Utility</Filter>
    </ClCompile>
    <ClCompile Include="..\..\..\SuiteSparse\CHOLMOD\Utility\cholmod_reallocate_factor.c">
      <Filter>Source Files\Utility</Filter>
    </ClCompile>
    <ClCompile Include="..\..\..\SuiteSparse\CHOLMOD\Utility\cholmod_reallocate_sparse.c">
      <Filter>Source Files\Utility</Filter>
    </ClCompile>
    <ClCompile Include="..\..\..\SuiteSparse\CHOLMOD\Utility\cholmod_reallocate_triplet.c">
      <Filter>Source Files\Utility</Filter>
    </ClCompile>
    <ClCompile Include="..\..\..\SuiteSparse\CHOLMOD\Utility\cholmod_sbound.c">
      <Filter>Source Files\Utility</Filter>
    </ClCompile>
    <ClCompile Include="..\..\..\SuiteSparse\CHOLMOD\Utility\cholmod_score_comp.c">
      <Filter>Source Files\Utility</Filter>
    </ClCompile>
    <ClCompile Include="..\..\..\SuiteSparse\CHOLMOD\Utility\cholmod_set_empty.c">
      <Filter>Source Files\Utility</Filter>
    </ClCompile>
    <ClCompile Include="..\..\..\SuiteSparse\CHOLMOD\Utility\cholmod_sort.c">
      <Filter>Source Files\Utility</Filter>
    </ClCompile>
    <ClCompile Include="..\..\..\SuiteSparse\CHOLMOD\Utility\cholmod_sparse_to_dense.c">
      <Filter>Source Files\Utility</Filter>
    </ClCompile>
    <ClCompile Include="..\..\..\SuiteSparse\CHOLMOD\Utility\cholmod_sparse_to_triplet.c">
      <Filter>Source Files\Utility</Filter>
    </ClCompile>
    <ClCompile Include="..\..\..\SuiteSparse\CHOLMOD\Utility\cholmod_speye.c">
      <Filter>Source Files\Utility</Filter>
    </ClCompile>
    <ClCompile Include="..\..\..\SuiteSparse\CHOLMOD\Utility\cholmod_spzeros.c">
      <Filter>Source Files\Utility</Filter>
    </ClCompile>
    <ClCompile Include="..\..\..\SuiteSparse\CHOLMOD\Utility\cholmod_start.c">
      <Filter>Source Files\Utility</Filter>
    </ClCompile>
    <ClCompile Include="..\..\..\SuiteSparse\CHOLMOD\Utility\cholmod_transpose.c">
      <Filter>Source Files\Utility</Filter>
    </ClCompile>
    <ClCompile Include="..\..\..\SuiteSparse\CHOLMOD\Utility\cholmod_transpose_sym.c">
      <Filter>Source Files\Utility</Filter>
    </ClCompile>
    <ClCompile Include="..\..\..\SuiteSparse\CHOLMOD\Utility\cholmod_transpose_unsym.c">
      <Filter>Source Files\Utility</Filter>
    </ClCompile>
    <ClCompile Include="..\..\..\SuiteSparse\CHOLMOD\Utility\cholmod_triplet_to_sparse.c">
      <Filter>Source Files\Utility</Filter>
    </ClCompile>
    <ClCompile Include="..\..\..\SuiteSparse\CHOLMOD\Utility\cholmod_version.c">
      <Filter>Source Files\Utility</Filter>
    </ClCompile>
    <ClCompile Include="..\..\..\SuiteSparse\CHOLMOD\Utility\cholmod_xtype.c">
      <Filter>Source Files\Utility</Filter>
    </ClCompile>
    <ClCompile Include="..\..\..\SuiteSparse\CHOLMOD\Utility\cholmod_zeros.c">
      <Filter>Source Files\Utility</Filter>
    </ClCompile>
  </ItemGroup>
</Project>