
Microsoft Visual Studio Solution File, Format Version 12.00
# Visual Studio Version 17
VisualStudioVersion = 17.1.32228.430
MinimumVisualStudioVersion = 10.0.40219.1
Project("{8BC9CEB8-8B4A-11D0-8D11-00A0C91BC942}") = "AMD", "Visual Studio\static\AMD\AMD.vcxproj", "{363370C3-13F8-4EF2-8F32-35282F7AE255}"
EndProject
Project("{2150E333-8FDC-42A3-9474-1A3956D46DE8}") = "shared", "shared", "{D8840865-D20E-4C15-80B0-54C822A65E7C}"
EndProject
Project("{8BC9CEB8-8B4A-11D0-8D11-00A0C91BC942}") = "SuiteSparse_config", "Visual Studio\static\SuiteSparse_config\SuiteSparse_config.vcxproj", "{C16CF823-472C-4DC4-9A46-C1B7F8832721}"
EndProject
Project("{8BC9CEB8-8B4A-11D0-8D11-00A0C91BC942}") = "CAMD", "Visual Studio\static\CAMD\CAMD.vcxproj", "{37AC03AC-D08D-4DC7-BAFA-A42668F26FDE}"
EndProject
Project("{8BC9CEB8-8B4A-11D0-8D11-00A0C91BC942}") = "CCOLAMD", "Visual Studio\static\CCOLAMD\CCOLAMD.vcxproj", "{0ADA7D88-1D80-4EE6-B4F1-4C24B6FA2E30}"
EndProject
Project("{8BC9CEB8-8B4A-11D0-8D11-00A0C91BC942}") = "COLAMD", "Visual Studio\static\COLAMD\COLAMD.vcxproj", "{5440B090-54F7-4F68-A6F8-8FF4407BA94D}"
EndProject
Project("{8BC9CEB8-8B4A-11D0-8D11-00A0C91BC942}") = "libcholmod", "Visual Studio\shared\libcholmod\libcholmod.vcxproj", "{217979AF-AAC8-478E-AB7A-3709F4A455F6}"
	ProjectSection(ProjectDependencies) = postProject
		{9F7D4E16-A582-4B8E-9781-BF5A100395A9} = {9F7D4E16-A582-4B8E-9781-BF5A100395A9}
		{C16CF823-472C-4DC4-9A46-C1B7F8832721} = {C16CF823-472C-4DC4-9A46-C1B7F8832721}
		{DEDB9F5A-04AD-4151-A886-69361FFE0D1C} = {DEDB9F5A-04AD-4151-A886-69361FFE0D1C}
	EndProjectSection
EndProject
Project("{8BC9CEB8-8B4A-11D0-8D11-00A0C91BC942}") = "CHOLMOD", "Visual Studio\static\CHOLMOD\CHOLMOD.vcxproj", "{9F7D4E16-A582-4B8E-9781-BF5A100395A9}"
EndProject
Project("{8BC9CEB8-8B4A-11D0-8D11-00A0C91BC942}") = "CSparse", "Visual Studio\static\CSparse\CSparse.vcxproj", "{4A1D2586-FE46-4AF9-A50B-6D551D68E6AB}"
EndProject
Project("{8BC9CEB8-8B4A-11D0-8D11-00A0C91BC942}") = "CXSparse", "Visual Studio\static\CXSparse\CXSparse.vcxproj", "{6C40C83C-F087-4297-B178-D7AC6854858E}"
EndProject
Project("{8BC9CEB8-8B4A-11D0-8D11-00A0C91BC942}") = "libcsparse", "Visual Studio\shared\libcsparse\libcsparse.vcxproj", "{D98139B6-BB95-4CDD-A81C-928FD768F43D}"
	ProjectSection(ProjectDependencies) = postProject
		{4A1D2586-FE46-4AF9-A50B-6D551D68E6AB} = {4A1D2586-FE46-4AF9-A50B-6D551D68E6AB}
	EndProjectSection
EndProject
Project("{8BC9CEB8-8B4A-11D0-8D11-00A0C91BC942}") = "UMFPACK", "Visual Studio\static\UMFPACK\UMFPACK.vcxproj", "{4D6C0FED-E45A-4790-9873-B6BAA9E3AF40}"
EndProject
Project("{8BC9CEB8-8B4A-11D0-8D11-00A0C91BC942}") = "libumfpack", "Visual Studio\shared\libumfpack\libumfpack.vcxproj", "{DDAC4AB0-1C9D-45C5-94C7-7A31C94EDF83}"
	ProjectSection(ProjectDependencies) = postProject
		{217979AF-AAC8-478E-AB7A-3709F4A455F6} = {217979AF-AAC8-478E-AB7A-3709F4A455F6}
		{4D6C0FED-E45A-4790-9873-B6BAA9E3AF40} = {4D6C0FED-E45A-4790-9873-B6BAA9E3AF40}
		{C16CF823-472C-4DC4-9A46-C1B7F8832721} = {C16CF823-472C-4DC4-9A46-C1B7F8832721}
		{DEDB9F5A-04AD-4151-A886-69361FFE0D1C} = {DEDB9F5A-04AD-4151-A886-69361FFE0D1C}
	EndProjectSection
EndProject
Project("{8BC9CEB8-8B4A-11D0-8D11-00A0C91BC942}") = "libspqr", "Visual Studio\shared\libspqr\libspqr.vcxproj", "{67CB3D4A-EE1D-40B0-966A-97AB230AB7EE}"
	ProjectSection(ProjectDependencies) = postProject
		{217979AF-AAC8-478E-AB7A-3709F4A455F6} = {217979AF-AAC8-478E-AB7A-3709F4A455F6}
		{C16CF823-472C-4DC4-9A46-C1B7F8832721} = {C16CF823-472C-4DC4-9A46-C1B7F8832721}
		{DEDB9F5A-04AD-4151-A886-69361FFE0D1C} = {DEDB9F5A-04AD-4151-A886-69361FFE0D1C}
		{EAEE47D7-78FB-44EF-A9B1-52182025CF42} = {EAEE47D7-78FB-44EF-A9B1-52182025CF42}
	EndProjectSection
EndProject
Project("{2150E333-8FDC-42A3-9474-1A3956D46DE8}") = "static", "static", "{22826D4B-958B-42ED-8CA9-F6604C6157F1}"
EndProject
Project("{8BC9CEB8-8B4A-11D0-8D11-00A0C91BC942}") = "SPQR", "Visual Studio\static\SPQR\SPQR.vcxproj", "{EAEE47D7-78FB-44EF-A9B1-52182025CF42}"
EndProject
Project("{8BC9CEB8-8B4A-11D0-8D11-00A0C91BC942}") = "BTF", "Visual Studio\static\BTF\BTF.vcxproj", "{F9FB79A9-CED0-4770-B053-5B56878560FA}"
EndProject
Project("{8BC9CEB8-8B4A-11D0-8D11-00A0C91BC942}") = "KLU", "Visual Studio\static\KLU\KLU.vcxproj", "{95C13B60-CA5E-4C82-912D-081C326DB18D}"
EndProject
Project("{8BC9CEB8-8B4A-11D0-8D11-00A0C91BC942}") = "libklu", "Visual Studio\shared\libklu\libklu.vcxproj", "{B908439C-701C-45C5-B478-11972FEF26A4}"
	ProjectSection(ProjectDependencies) = postProject
		{95C13B60-CA5E-4C82-912D-081C326DB18D} = {95C13B60-CA5E-4C82-912D-081C326DB18D}
		{C16CF823-472C-4DC4-9A46-C1B7F8832721} = {C16CF823-472C-4DC4-9A46-C1B7F8832721}
		{DEDB9F5A-04AD-4151-A886-69361FFE0D1C} = {DEDB9F5A-04AD-4151-A886-69361FFE0D1C}
		{F9FB79A9-CED0-4770-B053-5B56878560FA} = {F9FB79A9-CED0-4770-B053-5B56878560FA}
	EndProjectSection
EndProject
Project("{8BC9CEB8-8B4A-11D0-8D11-00A0C91BC942}") = "libamd", "Visual Studio\shared\libamd\libamd.vcxproj", "{DEDB9F5A-04AD-4151-A886-69361FFE0D1C}"
	ProjectSection(ProjectDependencies) = postProject
		{0ADA7D88-1D80-4EE6-B4F1-4C24B6FA2E30} = {0ADA7D88-1D80-4EE6-B4F1-4C24B6FA2E30}
		{363370C3-13F8-4EF2-8F32-35282F7AE255} = {363370C3-13F8-4EF2-8F32-35282F7AE255}
		{37AC03AC-D08D-4DC7-BAFA-A42668F26FDE} = {37AC03AC-D08D-4DC7-BAFA-A42668F26FDE}
		{5440B090-54F7-4F68-A6F8-8FF4407BA94D} = {5440B090-54F7-4F68-A6F8-8FF4407BA94D}
		{C16CF823-472C-4DC4-9A46-C1B7F8832721} = {C16CF823-472C-4DC4-9A46-C1B7F8832721}
	EndProjectSection
EndProject
Project("{8BC9CEB8-8B4A-11D0-8D11-00A0C91BC942}") = "libsuitesparse", "Visual Studio\shared\libsuitesparse\libsuitesparse.vcxproj", "{C59B1D75-CE65-4E33-AD81-430F334DB8D7}"
	ProjectSection(ProjectDependencies) = postProject
		{0ADA7D88-1D80-4EE6-B4F1-4C24B6FA2E30} = {0ADA7D88-1D80-4EE6-B4F1-4C24B6FA2E30}
		{363370C3-13F8-4EF2-8F32-35282F7AE255} = {363370C3-13F8-4EF2-8F32-35282F7AE255}
		{37AC03AC-D08D-4DC7-BAFA-A42668F26FDE} = {37AC03AC-D08D-4DC7-BAFA-A42668F26FDE}
		{4A1D2586-FE46-4AF9-A50B-6D551D68E6AB} = {4A1D2586-FE46-4AF9-A50B-6D551D68E6AB}
		{4D6C0FED-E45A-4790-9873-B6BAA9E3AF40} = {4D6C0FED-E45A-4790-9873-B6BAA9E3AF40}
		{5440B090-54F7-4F68-A6F8-8FF4407BA94D} = {5440B090-54F7-4F68-A6F8-8FF4407BA94D}
		{95C13B60-CA5E-4C82-912D-081C326DB18D} = {95C13B60-CA5E-4C82-912D-081C326DB18D}
		{9F7D4E16-A582-4B8E-9781-BF5A100395A9} = {9F7D4E16-A582-4B8E-9781-BF5A100395A9}
		{C16CF823-472C-4DC4-9A46-C1B7F8832721} = {C16CF823-472C-4DC4-9A46-C1B7F8832721}
		{EAEE47D7-78FB-44EF-A9B1-52182025CF42} = {EAEE47D7-78FB-44EF-A9B1-52182025CF42}
		{F9FB79A9-CED0-4770-B053-5B56878560FA} = {F9FB79A9-CED0-4770-B053-5B56878560FA}
	EndProjectSection
EndProject
Project("{8BC9CEB8-8B4A-11D0-8D11-00A0C91BC942}") = "libcxsparse", "Visual Studio\shared\libcxsparse\libcxsparse.vcxproj", "{260465C4-7968-4430-AD55-61F0803469F9}"
EndProject
Global
	GlobalSection(SolutionConfigurationPlatforms) = preSolution
		Debug|Win32 = Debug|Win32
		Debug|x64 = Debug|x64
		Release|Win32 = Release|Win32
		Release|x64 = Release|x64
	EndGlobalSection
	GlobalSection(ProjectConfigurationPlatforms) = postSolution
		{363370C3-13F8-4EF2-8F32-35282F7AE255}.Debug|Win32.ActiveCfg = Debug|Win32
		{363370C3-13F8-4EF2-8F32-35282F7AE255}.Debug|Win32.Build.0 = Debug|Win32
		{363370C3-13F8-4EF2-8F32-35282F7AE255}.Debug|x64.ActiveCfg = Debug|x64
		{363370C3-13F8-4EF2-8F32-35282F7AE255}.Debug|x64.Build.0 = Debug|x64
		{363370C3-13F8-4EF2-8F32-35282F7AE255}.Release|Win32.ActiveCfg = Release|Win32
		{363370C3-13F8-4EF2-8F32-35282F7AE255}.Release|Win32.Build.0 = Release|Win32
		{363370C3-13F8-4EF2-8F32-35282F7AE255}.Release|x64.ActiveCfg = Release|x64
		{363370C3-13F8-4EF2-8F32-35282F7AE255}.Release|x64.Build.0 = Release|x64
		{C16CF823-472C-4DC4-9A46-C1B7F8832721}.Debug|Win32.ActiveCfg = Debug|Win32
		{C16CF823-472C-4DC4-9A46-C1B7F8832721}.Debug|Win32.Build.0 = Debug|Win32
		{C16CF823-472C-4DC4-9A46-C1B7F8832721}.Debug|x64.ActiveCfg = Debug|x64
		{C16CF823-472C-4DC4-9A46-C1B7F8832721}.Debug|x64.Build.0 = Debug|x64
		{C16CF823-472C-4DC4-9A46-C1B7F8832721}.Release|Win32.ActiveCfg = Release|Win32
		{C16CF823-472C-4DC4-9A46-C1B7F8832721}.Release|Win32.Build.0 = Release|Win32
		{C16CF823-472C-4DC4-9A46-C1B7F8832721}.Release|x64.ActiveCfg = Release|x64
		{C16CF823-472C-4DC4-9A46-C1B7F8832721}.Release|x64.Build.0 = Release|x64
		{37AC03AC-D08D-4DC7-BAFA-A42668F26FDE}.Debug|Win32.ActiveCfg = Debug|Win32
		{37AC03AC-D08D-4DC7-BAFA-A42668F26FDE}.Debug|Win32.Build.0 = Debug|Win32
		{37AC03AC-D08D-4DC7-BAFA-A42668F26FDE}.Debug|x64.ActiveCfg = Debug|x64
		{37AC03AC-D08D-4DC7-BAFA-A42668F26FDE}.Debug|x64.Build.0 = Debug|x64
		{37AC03AC-D08D-4DC7-BAFA-A42668F26FDE}.Release|Win32.ActiveCfg = Release|Win32
		{37AC03AC-D08D-4DC7-BAFA-A42668F26FDE}.Release|Win32.Build.0 = Release|Win32
		{37AC03AC-D08D-4DC7-BAFA-A42668F26FDE}.Release|x64.ActiveCfg = Release|x64
		{37AC03AC-D08D-4DC7-BAFA-A42668F26FDE}.Release|x64.Build.0 = Release|x64
		{0ADA7D88-1D80-4EE6-B4F1-4C24B6FA2E30}.Debug|Win32.ActiveCfg = Debug|Win32
		{0ADA7D88-1D80-4EE6-B4F1-4C24B6FA2E30}.Debug|Win32.Build.0 = Debug|Win32
		{0ADA7D88-1D80-4EE6-B4F1-4C24B6FA2E30}.Debug|x64.ActiveCfg = Debug|x64
		{0ADA7D88-1D80-4EE6-B4F1-4C24B6FA2E30}.Debug|x64.Build.0 = Debug|x64
		{0ADA7D88-1D80-4EE6-B4F1-4C24B6FA2E30}.Release|Win32.ActiveCfg = Release|Win32
		{0ADA7D88-1D80-4EE6-B4F1-4C24B6FA2E30}.Release|Win32.Build.0 = Release|Win32
		{0ADA7D88-1D80-4EE6-B4F1-4C24B6FA2E30}.Release|x64.ActiveCfg = Release|x64
		{0ADA7D88-1D80-4EE6-B4F1-4C24B6FA2E30}.Release|x64.Build.0 = Release|x64
		{5440B090-54F7-4F68-A6F8-8FF4407BA94D}.Debug|Win32.ActiveCfg = Debug|Win32
		{5440B090-54F7-4F68-A6F8-8FF4407BA94D}.Debug|Win32.Build.0 = Debug|Win32
		{5440B090-54F7-4F68-A6F8-8FF4407BA94D}.Debug|x64.ActiveCfg = Debug|x64
		{5440B090-54F7-4F68-A6F8-8FF4407BA94D}.Debug|x64.Build.0 = Debug|x64
		{5440B090-54F7-4F68-A6F8-8FF4407BA94D}.Release|Win32.ActiveCfg = Release|Win32
		{5440B090-54F7-4F68-A6F8-8FF4407BA94D}.Release|Win32.Build.0 = Release|Win32
		{5440B090-54F7-4F68-A6F8-8FF4407BA94D}.Release|x64.ActiveCfg = Release|x64
		{5440B090-54F7-4F68-A6F8-8FF4407BA94D}.Release|x64.Build.0 = Release|x64
		{217979AF-AAC8-478E-AB7A-3709F4A455F6}.Debug|Win32.ActiveCfg = Debug|Win32
		{217979AF-AAC8-478E-AB7A-3709F4A455F6}.Debug|Win32.Build.0 = Debug|Win32
		{217979AF-AAC8-478E-AB7A-3709F4A455F6}.Debug|x64.ActiveCfg = Debug|x64
		{217979AF-AAC8-478E-AB7A-3709F4A455F6}.Debug|x64.Build.0 = Debug|x64
		{217979AF-AAC8-478E-AB7A-3709F4A455F6}.Release|Win32.ActiveCfg = Release|Win32
		{217979AF-AAC8-478E-AB7A-3709F4A455F6}.Release|Win32.Build.0 = Release|Win32
		{217979AF-AAC8-478E-AB7A-3709F4A455F6}.Release|x64.ActiveCfg = Release|x64
		{217979AF-AAC8-478E-AB7A-3709F4A455F6}.Release|x64.Build.0 = Release|x64
		{9F7D4E16-A582-4B8E-9781-BF5A100395A9}.Debug|Win32.ActiveCfg = Debug|Win32
		{9F7D4E16-A582-4B8E-9781-BF5A100395A9}.Debug|Win32.Build.0 = Debug|Win32
		{9F7D4E16-A582-4B8E-9781-BF5A100395A9}.Debug|x64.ActiveCfg = Debug|x64
		{9F7D4E16-A582-4B8E-9781-BF5A100395A9}.Debug|x64.Build.0 = Debug|x64
		{9F7D4E16-A582-4B8E-9781-BF5A100395A9}.Release|Win32.ActiveCfg = Release|Win32
		{9F7D4E16-A582-4B8E-9781-BF5A100395A9}.Release|Win32.Build.0 = Release|Win32
		{9F7D4E16-A582-4B8E-9781-BF5A100395A9}.Release|x64.ActiveCfg = Release|x64
		{9F7D4E16-A582-4B8E-9781-BF5A100395A9}.Release|x64.Build.0 = Release|x64
		{4A1D2586-FE46-4AF9-A50B-6D551D68E6AB}.Debug|Win32.ActiveCfg = Debug|Win32
		{4A1D2586-FE46-4AF9-A50B-6D551D68E6AB}.Debug|Win32.Build.0 = Debug|Win32
		{4A1D2586-FE46-4AF9-A50B-6D551D68E6AB}.Debug|x64.ActiveCfg = Debug|x64
		{4A1D2586-FE46-4AF9-A50B-6D551D68E6AB}.Debug|x64.Build.0 = Debug|x64
		{4A1D2586-FE46-4AF9-A50B-6D551D68E6AB}.Release|Win32.ActiveCfg = Release|Win32
		{4A1D2586-FE46-4AF9-A50B-6D551D68E6AB}.Release|Win32.Build.0 = Release|Win32
		{4A1D2586-FE46-4AF9-A50B-6D551D68E6AB}.Release|x64.ActiveCfg = Release|x64
		{4A1D2586-FE46-4AF9-A50B-6D551D68E6AB}.Release|x64.Build.0 = Release|x64
		{6C40C83C-F087-4297-B178-D7AC6854858E}.Debug|Win32.ActiveCfg = Debug|Win32
		{6C40C83C-F087-4297-B178-D7AC6854858E}.Debug|Win32.Build.0 = Debug|Win32
		{6C40C83C-F087-4297-B178-D7AC6854858E}.Debug|x64.ActiveCfg = Debug|x64
		{6C40C83C-F087-4297-B178-D7AC6854858E}.Debug|x64.Build.0 = Debug|x64
		{6C40C83C-F087-4297-B178-D7AC6854858E}.Release|Win32.ActiveCfg = Release|Win32
		{6C40C83C-F087-4297-B178-D7AC6854858E}.Release|Win32.Build.0 = Release|Win32
		{6C40C83C-F087-4297-B178-D7AC6854858E}.Release|x64.ActiveCfg = Release|x64
		{6C40C83C-F087-4297-B178-D7AC6854858E}.Release|x64.Build.0 = Release|x64
		{D98139B6-BB95-4CDD-A81C-928FD768F43D}.Debug|Win32.ActiveCfg = Debug|Win32
		{D98139B6-BB95-4CDD-A81C-928FD768F43D}.Debug|Win32.Build.0 = Debug|Win32
		{D98139B6-BB95-4CDD-A81C-928FD768F43D}.Debug|x64.ActiveCfg = Debug|x64
		{D98139B6-BB95-4CDD-A81C-928FD768F43D}.Debug|x64.Build.0 = Debug|x64
		{D98139B6-BB95-4CDD-A81C-928FD768F43D}.Release|Win32.ActiveCfg = Release|Win32
		{D98139B6-BB95-4CDD-A81C-928FD768F43D}.Release|Win32.Build.0 = Release|Win32
		{D98139B6-BB95-4CDD-A81C-928FD768F43D}.Release|x64.ActiveCfg = Release|x64
		{D98139B6-BB95-4CDD-A81C-928FD768F43D}.Release|x64.Build.0 = Release|x64
		{4D6C0FED-E45A-4790-9873-B6BAA9E3AF40}.Debug|Win32.ActiveCfg = Debug|Win32
		{4D6C0FED-E45A-4790-9873-B6BAA9E3AF40}.Debug|Win32.Build.0 = Debug|Win32
		{4D6C0FED-E45A-4790-9873-B6BAA9E3AF40}.Debug|x64.ActiveCfg = Debug|x64
		{4D6C0FED-E45A-4790-9873-B6BAA9E3AF40}.Debug|x64.Build.0 = Debug|x64
		{4D6C0FED-E45A-4790-9873-B6BAA9E3AF40}.Release|Win32.ActiveCfg = Release|Win32
		{4D6C0FED-E45A-4790-9873-B6BAA9E3AF40}.Release|Win32.Build.0 = Release|Win32
		{4D6C0FED-E45A-4790-9873-B6BAA9E3AF40}.Release|x64.ActiveCfg = Release|x64
		{4D6C0FED-E45A-4790-9873-B6BAA9E3AF40}.Release|x64.Build.0 = Release|x64
		{DDAC4AB0-1C9D-45C5-94C7-7A31C94EDF83}.Debug|Win32.ActiveCfg = Debug|Win32
		{DDAC4AB0-1C9D-45C5-94C7-7A31C94EDF83}.Debug|Win32.Build.0 = Debug|Win32
		{DDAC4AB0-1C9D-45C5-94C7-7A31C94EDF83}.Debug|x64.ActiveCfg = Debug|x64
		{DDAC4AB0-1C9D-45C5-94C7-7A31C94EDF83}.Debug|x64.Build.0 = Debug|x64
		{DDAC4AB0-1C9D-45C5-94C7-7A31C94EDF83}.Release|Win32.ActiveCfg = Release|Win32
		{DDAC4AB0-1C9D-45C5-94C7-7A31C94EDF83}.Release|Win32.Build.0 = Release|Win32
		{DDAC4AB0-1C9D-45C5-94C7-7A31C94EDF83}.Release|x64.ActiveCfg = Release|x64
		{DDAC4AB0-1C9D-45C5-94C7-7A31C94EDF83}.Release|x64.Build.0 = Release|x64
		{67CB3D4A-EE1D-40B0-966A-97AB230AB7EE}.Debug|Win32.ActiveCfg = Debug|Win32
		{67CB3D4A-EE1D-40B0-966A-97AB230AB7EE}.Debug|Win32.Build.0 = Debug|Win32
		{67CB3D4A-EE1D-40B0-966A-97AB230AB7EE}.Debug|x64.ActiveCfg = Debug|x64
		{67CB3D4A-EE1D-40B0-966A-97AB230AB7EE}.Debug|x64.Build.0 = Debug|x64
		{67CB3D4A-EE1D-40B0-966A-97AB230AB7EE}.Release|Win32.ActiveCfg = Release|Win32
		{67CB3D4A-EE1D-40B0-966A-97AB230AB7EE}.Release|Win32.Build.0 = Release|Win32
		{67CB3D4A-EE1D-40B0-966A-97AB230AB7EE}.Release|x64.ActiveCfg = Release|x64
		{67CB3D4A-EE1D-40B0-966A-97AB230AB7EE}.Release|x64.Build.0 = Release|x64
		{EAEE47D7-78FB-44EF-A9B1-52182025CF42}.Debug|Win32.ActiveCfg = Debug|Win32
		{EAEE47D7-78FB-44EF-A9B1-52182025CF42}.Debug|Win32.Build.0 = Debug|Win32
		{EAEE47D7-78FB-44EF-A9B1-52182025CF42}.Debug|x64.ActiveCfg = Debug|x64
		{EAEE47D7-78FB-44EF-A9B1-52182025CF42}.Debug|x64.Build.0 = Debug|x64
		{EAEE47D7-78FB-44EF-A9B1-52182025CF42}.Release|Win32.ActiveCfg = Release|Win32
		{EAEE47D7-78FB-44EF-A9B1-52182025CF42}.Release|Win32.Build.0 = Release|Win32
		{EAEE47D7-78FB-44EF-A9B1-52182025CF42}.Release|x64.ActiveCfg = Release|x64
		{EAEE47D7-78FB-44EF-A9B1-52182025CF42}.Release|x64.Build.0 = Release|x64
		{F9FB79A9-CED0-4770-B053-5B56878560FA}.Debug|Win32.ActiveCfg = Debug|Win32
		{F9FB79A9-CED0-4770-B053-5B56878560FA}.Debug|Win32.Build.0 = Debug|Win32
		{F9FB79A9-CED0-4770-B053-5B56878560FA}.Debug|x64.ActiveCfg = Debug|x64
		{F9FB79A9-CED0-4770-B053-5B56878560FA}.Debug|x64.Build.0 = Debug|x64
		{F9FB79A9-CED0-4770-B053-5B56878560FA}.Release|Win32.ActiveCfg = Release|Win32
		{F9FB79A9-CED0-4770-B053-5B56878560FA}.Release|Win32.Build.0 = Release|Win32
		{F9FB79A9-CED0-4770-B053-5B56878560FA}.Release|x64.ActiveCfg = Release|x64
		{F9FB79A9-CED0-4770-B053-5B56878560FA}.Release|x64.Build.0 = Release|x64
		{95C13B60-CA5E-4C82-912D-081C326DB18D}.Debug|Win32.ActiveCfg = Debug|Win32
		{95C13B60-CA5E-4C82-912D-081C326DB18D}.Debug|Win32.Build.0 = Debug|Win32
		{95C13B60-CA5E-4C82-912D-081C326DB18D}.Debug|x64.ActiveCfg = Debug|x64
		{95C13B60-CA5E-4C82-912D-081C326DB18D}.Debug|x64.Build.0 = Debug|x64
		{95C13B60-CA5E-4C82-912D-081C326DB18D}.Release|Win32.ActiveCfg = Release|Win32
		{95C13B60-CA5E-4C82-912D-081C326DB18D}.Release|Win32.Build.0 = Release|Win32
		{95C13B60-CA5E-4C82-912D-081C326DB18D}.Release|x64.ActiveCfg = Release|x64
		{95C13B60-CA5E-4C82-912D-081C326DB18D}.Release|x64.Build.0 = Release|x64
		{B908439C-701C-45C5-B478-11972FEF26A4}.Debug|Win32.ActiveCfg = Debug|Win32
		{B908439C-701C-45C5-B478-11972FEF26A4}.Debug|Win32.Build.0 = Debug|Win32
		{B908439C-701C-45C5-B478-11972FEF26A4}.Debug|x64.ActiveCfg = Debug|x64
		{B908439C-701C-45C5-B478-11972FEF26A4}.Debug|x64.Build.0 = Debug|x64
		{B908439C-701C-45C5-B478-11972FEF26A4}.Release|Win32.ActiveCfg = Release|Win32
		{B908439C-701C-45C5-B478-11972FEF26A4}.Release|Win32.Build.0 = Release|Win32
		{B908439C-701C-45C5-B478-11972FEF26A4}.Release|x64.ActiveCfg = Release|x64
		{B908439C-701C-45C5-B478-11972FEF26A4}.Release|x64.Build.0 = Release|x64
		{DEDB9F5A-04AD-4151-A886-69361FFE0D1C}.Debug|Win32.ActiveCfg = Debug|Win32
		{DEDB9F5A-04AD-4151-A886-69361FFE0D1C}.Debug|Win32.Build.0 = Debug|Win32
		{DEDB9F5A-04AD-4151-A886-69361FFE0D1C}.Debug|x64.ActiveCfg = Debug|x64
		{DEDB9F5A-04AD-4151-A886-69361FFE0D1C}.Debug|x64.Build.0 = Debug|x64
		{DEDB9F5A-04AD-4151-A886-69361FFE0D1C}.Release|Win32.ActiveCfg = Release|Win32
		{DEDB9F5A-04AD-4151-A886-69361FFE0D1C}.Release|Win32.Build.0 = Release|Win32
		{DEDB9F5A-04AD-4151-A886-69361FFE0D1C}.Release|x64.ActiveCfg = Release|x64
		{DEDB9F5A-04AD-4151-A886-69361FFE0D1C}.Release|x64.Build.0 = Release|x64
		{C59B1D75-CE65-4E33-AD81-430F334DB8D7}.Debug|Win32.ActiveCfg = Debug|Win32
		{C59B1D75-CE65-4E33-AD81-430F334DB8D7}.Debug|Win32.Build.0 = Debug|Win32
		{C59B1D75-CE65-4E33-AD81-430F334DB8D7}.Debug|x64.ActiveCfg = Debug|x64
		{C59B1D75-CE65-4E33-AD81-430F334DB8D7}.Debug|x64.Build.0 = Debug|x64
		{C59B1D75-CE65-4E33-AD81-430F334DB8D7}.Release|Win32.ActiveCfg = Release|Win32
		{C59B1D75-CE65-4E33-AD81-430F334DB8D7}.Release|Win32.Build.0 = Release|Win32
		{C59B1D75-CE65-4E33-AD81-430F334DB8D7}.Release|x64.ActiveCfg = Release|x64
		{C59B1D75-CE65-4E33-AD81-430F334DB8D7}.Release|x64.Build.0 = Release|x64
		{260465C4-7968-4430-AD55-61F0803469F9}.Debug|Win32.ActiveCfg = Debug|Win32
		{260465C4-7968-4430-AD55-61F0803469F9}.Debug|Win32.Build.0 = Debug|Win32
		{260465C4-7968-4430-AD55-61F0803469F9}.Debug|x64.ActiveCfg = Debug|x64
		{260465C4-7968-4430-AD55-61F0803469F9}.Debug|x64.Build.0 = Debug|x64
		{260465C4-7968-4430-AD55-61F0803469F9}.Release|Win32.ActiveCfg = Release|Win32
		{260465C4-7968-4430-AD55-61F0803469F9}.Release|Win32.Build.0 = Release|Win32
		{260465C4-7968-4430-AD55-61F0803469F9}.Release|x64.ActiveCfg = Release|x64
		{260465C4-7968-4430-AD55-61F0803469F9}.Release|x64.Build.0 = Release|x64
	EndGlobalSection
	GlobalSection(SolutionProperties) = preSolution
		HideSolutionNode = FALSE
	EndGlobalSection
	GlobalSection(NestedProjects) = preSolution
		{363370C3-13F8-4EF2-8F32-35282F7AE255} = {22826D4B-958B-42ED-8CA9-F6604C6157F1}
		{C16CF823-472C-4DC4-9A46-C1B7F8832721} = {22826D4B-958B-42ED-8CA9-F6604C6157F1}
		{37AC03AC-D08D-4DC7-BAFA-A42668F26FDE} = {22826D4B-958B-42ED-8CA9-F6604C6157F1}
		{0ADA7D88-1D80-4EE6-B4F1-4C24B6FA2E30} = {22826D4B-958B-42ED-8CA9-F6604C6157F1}
		{5440B090-54F7-4F68-A6F8-8FF4407BA94D} = {22826D4B-958B-42ED-8CA9-F6604C6157F1}
		{217979AF-AAC8-478E-AB7A-3709F4A455F6} = {D8840865-D20E-4C15-80B0-54C822A65E7C}
		{9F7D4E16-A582-4B8E-9781-BF5A100395A9} = {22826D4B-958B-42ED-8CA9-F6604C6157F1}
		{4A1D2586-FE46-4AF9-A50B-6D551D68E6AB} = {22826D4B-958B-42ED-8CA9-F6604C6157F1}
		{6C40C83C-F087-4297-B178-D7AC6854858E} = {22826D4B-958B-42ED-8CA9-F6604C6157F1}
		{D98139B6-BB95-4CDD-A81C-928FD768F43D} = {D8840865-D20E-4C15-80B0-54C822A65E7C}
		{4D6C0FED-E45A-4790-9873-B6BAA9E3AF40} = {22826D4B-958B-42ED-8CA9-F6604C6157F1}
		{DDAC4AB0-1C9D-45C5-94C7-7A31C94EDF83} = {D8840865-D20E-4C15-80B0-54C822A65E7C}
		{67CB3D4A-EE1D-40B0-966A-97AB230AB7EE} = {D8840865-D20E-4C15-80B0-54C822A65E7C}
		{EAEE47D7-78FB-44EF-A9B1-52182025CF42} = {22826D4B-958B-42ED-8CA9-F6604C6157F1}
		{F9FB79A9-CED0-4770-B053-5B56878560FA} = {22826D4B-958B-42ED-8CA9-F6604C6157F1}
		{95C13B60-CA5E-4C82-912D-081C326DB18D} = {22826D4B-958B-42ED-8CA9-F6604C6157F1}
		{B908439C-701C-45C5-B478-11972FEF26A4} = {D8840865-D20E-4C15-80B0-54C822A65E7C}
		{DEDB9F5A-04AD-4151-A886-69361FFE0D1C} = {D8840865-D20E-4C15-80B0-54C822A65E7C}
		{C59B1D75-CE65-4E33-AD81-430F334DB8D7} = {D8840865-D20E-4C15-80B0-54C822A65E7C}
		{260465C4-7968-4430-AD55-61F0803469F9} = {D8840865-D20E-4C15-80B0-54C822A65E7C}
	EndGlobalSection
	GlobalSection(ExtensibilityGlobals) = postSolution
		SolutionGuid = {5595FCF2-498D-4BCC-91D6-B889791E43DC}
	EndGlobalSection
EndGlobal
